// !$*UTF8*$!
{
	archiveVersion = 1;
	classes = {
	};
	objectVersion = 46;
	objects = {

/* Begin PBXBuildFile section */
		8336B7891F47BA50009E7990 /* AppDelegate.swift in Sources */ = {isa = PBXBuildFile; fileRef = 8336B7881F47BA50009E7990 /* AppDelegate.swift */; };
		8336B78B1F47BA50009E7990 /* HomeViewController.swift in Sources */ = {isa = PBXBuildFile; fileRef = 8336B78A1F47BA50009E7990 /* HomeViewController.swift */; };
		8336B78D1F47BA50009E7990 /* CategoryViewController.swift in Sources */ = {isa = PBXBuildFile; fileRef = 8336B78C1F47BA50009E7990 /* CategoryViewController.swift */; };
		8336B7901F47BA50009E7990 /* Main.storyboard in Resources */ = {isa = PBXBuildFile; fileRef = 8336B78E1F47BA50009E7990 /* Main.storyboard */; };
		8336B7921F47BA50009E7990 /* Assets.xcassets in Resources */ = {isa = PBXBuildFile; fileRef = 8336B7911F47BA50009E7990 /* Assets.xcassets */; };
		8336B7951F47BA50009E7990 /* LaunchScreen.storyboard in Resources */ = {isa = PBXBuildFile; fileRef = 8336B7931F47BA50009E7990 /* LaunchScreen.storyboard */; };
		8336B7A01F47DF06009E7990 /* SearchViewController.swift in Sources */ = {isa = PBXBuildFile; fileRef = 8336B79F1F47DF06009E7990 /* SearchViewController.swift */; };
		8336B7A21F488FE5009E7990 /* ProductsViewController.swift in Sources */ = {isa = PBXBuildFile; fileRef = 8336B7A11F488FE5009E7990 /* ProductsViewController.swift */; };
		8336B7A41F488FFB009E7990 /* ProductDetailViewController.swift in Sources */ = {isa = PBXBuildFile; fileRef = 8336B7A31F488FFB009E7990 /* ProductDetailViewController.swift */; };
		8336B7A61F489012009E7990 /* SubcategoryViewController.swift in Sources */ = {isa = PBXBuildFile; fileRef = 8336B7A51F489012009E7990 /* SubcategoryViewController.swift */; };
		8336B7A91F494315009E7990 /* ProductsHeaderCollectionViewCell.swift in Sources */ = {isa = PBXBuildFile; fileRef = 8336B7A81F494314009E7990 /* ProductsHeaderCollectionViewCell.swift */; };
/* End PBXBuildFile section */

/* Begin PBXFileReference section */
		8336B7851F47BA50009E7990 /* MobfiqChallenge.app */ = {isa = PBXFileReference; explicitFileType = wrapper.application; includeInIndex = 0; path = MobfiqChallenge.app; sourceTree = BUILT_PRODUCTS_DIR; };
		8336B7881F47BA50009E7990 /* AppDelegate.swift */ = {isa = PBXFileReference; lastKnownFileType = sourcecode.swift; path = AppDelegate.swift; sourceTree = "<group>"; };
		8336B78A1F47BA50009E7990 /* HomeViewController.swift */ = {isa = PBXFileReference; lastKnownFileType = sourcecode.swift; path = HomeViewController.swift; sourceTree = "<group>"; };
		8336B78C1F47BA50009E7990 /* CategoryViewController.swift */ = {isa = PBXFileReference; lastKnownFileType = sourcecode.swift; path = CategoryViewController.swift; sourceTree = "<group>"; };
		8336B78F1F47BA50009E7990 /* Base */ = {isa = PBXFileReference; lastKnownFileType = file.storyboard; name = Base; path = Base.lproj/Main.storyboard; sourceTree = "<group>"; };
		8336B7911F47BA50009E7990 /* Assets.xcassets */ = {isa = PBXFileReference; lastKnownFileType = folder.assetcatalog; path = Assets.xcassets; sourceTree = "<group>"; };
		8336B7941F47BA50009E7990 /* Base */ = {isa = PBXFileReference; lastKnownFileType = file.storyboard; name = Base; path = Base.lproj/LaunchScreen.storyboard; sourceTree = "<group>"; };
		8336B7961F47BA50009E7990 /* Info.plist */ = {isa = PBXFileReference; lastKnownFileType = text.plist.xml; path = Info.plist; sourceTree = "<group>"; };
		8336B79F1F47DF06009E7990 /* SearchViewController.swift */ = {isa = PBXFileReference; fileEncoding = 4; lastKnownFileType = sourcecode.swift; path = SearchViewController.swift; sourceTree = "<group>"; };
		8336B7A11F488FE5009E7990 /* ProductsViewController.swift */ = {isa = PBXFileReference; fileEncoding = 4; lastKnownFileType = sourcecode.swift; path = ProductsViewController.swift; sourceTree = "<group>"; };
		8336B7A31F488FFB009E7990 /* ProductDetailViewController.swift */ = {isa = PBXFileReference; fileEncoding = 4; lastKnownFileType = sourcecode.swift; path = ProductDetailViewController.swift; sourceTree = "<group>"; };
		8336B7A51F489012009E7990 /* SubcategoryViewController.swift */ = {isa = PBXFileReference; fileEncoding = 4; lastKnownFileType = sourcecode.swift; path = SubcategoryViewController.swift; sourceTree = "<group>"; };
		8336B7A81F494314009E7990 /* ProductsHeaderCollectionViewCell.swift */ = {isa = PBXFileReference; fileEncoding = 4; lastKnownFileType = sourcecode.swift; path = ProductsHeaderCollectionViewCell.swift; sourceTree = "<group>"; };
/* End PBXFileReference section */

/* Begin PBXFrameworksBuildPhase section */
		8336B7821F47BA50009E7990 /* Frameworks */ = {
			isa = PBXFrameworksBuildPhase;
			buildActionMask = 2147483647;
			files = (
			);
			runOnlyForDeploymentPostprocessing = 0;
		};
/* End PBXFrameworksBuildPhase section */

/* Begin PBXGroup section */
		8336B77C1F47BA50009E7990 = {
			isa = PBXGroup;
			children = (
				8336B7871F47BA50009E7990 /* MobfiqChallenge */,
				8336B7861F47BA50009E7990 /* Products */,
			);
			sourceTree = "<group>";
		};
		8336B7861F47BA50009E7990 /* Products */ = {
			isa = PBXGroup;
			children = (
				8336B7851F47BA50009E7990 /* MobfiqChallenge.app */,
			);
			name = Products;
			sourceTree = "<group>";
		};
		8336B7871F47BA50009E7990 /* MobfiqChallenge */ = {
			isa = PBXGroup;
			children = (
				8336B7A71F4942E6009E7990 /* Elements */,
				8336B79C1F47D4CE009E7990 /* Controllers */,
				8336B7881F47BA50009E7990 /* AppDelegate.swift */,
				8336B78E1F47BA50009E7990 /* Main.storyboard */,
				8336B7911F47BA50009E7990 /* Assets.xcassets */,
				8336B7931F47BA50009E7990 /* LaunchScreen.storyboard */,
				8336B7961F47BA50009E7990 /* Info.plist */,
			);
			path = MobfiqChallenge;
			sourceTree = "<group>";
		};
		8336B79C1F47D4CE009E7990 /* Controllers */ = {
			isa = PBXGroup;
			children = (
				8336B78A1F47BA50009E7990 /* HomeViewController.swift */,
				8336B78C1F47BA50009E7990 /* CategoryViewController.swift */,
				8336B79F1F47DF06009E7990 /* SearchViewController.swift */,
				8336B7A11F488FE5009E7990 /* ProductsViewController.swift */,
				8336B7A31F488FFB009E7990 /* ProductDetailViewController.swift */,
				8336B7A51F489012009E7990 /* SubcategoryViewController.swift */,
			);
			name = Controllers;
			sourceTree = "<group>";
		};
		8336B7A71F4942E6009E7990 /* Elements */ = {
			isa = PBXGroup;
			children = (
				8336B7A81F494314009E7990 /* ProductsHeaderCollectionViewCell.swift */,
			);
			name = Elements;
			sourceTree = "<group>";
		};
/* End PBXGroup section */

/* Begin PBXNativeTarget section */
		8336B7841F47BA50009E7990 /* MobfiqChallenge */ = {
			isa = PBXNativeTarget;
			buildConfigurationList = 8336B7991F47BA50009E7990 /* Build configuration list for PBXNativeTarget "MobfiqChallenge" */;
			buildPhases = (
				8336B7811F47BA50009E7990 /* Sources */,
				8336B7821F47BA50009E7990 /* Frameworks */,
				8336B7831F47BA50009E7990 /* Resources */,
			);
			buildRules = (
			);
			dependencies = (
			);
			name = MobfiqChallenge;
			productName = MobfiqChallenge;
			productReference = 8336B7851F47BA50009E7990 /* MobfiqChallenge.app */;
			productType = "com.apple.product-type.application";
		};
/* End PBXNativeTarget section */

/* Begin PBXProject section */
		8336B77D1F47BA50009E7990 /* Project object */ = {
			isa = PBXProject;
			attributes = {
				LastSwiftUpdateCheck = 0830;
				LastUpgradeCheck = 0830;
				ORGANIZATIONNAME = "Elton Coelho";
				TargetAttributes = {
					8336B7841F47BA50009E7990 = {
						CreatedOnToolsVersion = 8.3.3;
						DevelopmentTeam = 2YPH7QUL9T;
						ProvisioningStyle = Automatic;
					};
				};
			};
			buildConfigurationList = 8336B7801F47BA50009E7990 /* Build configuration list for PBXProject "MobfiqChallenge" */;
			compatibilityVersion = "Xcode 3.2";
			developmentRegion = English;
			hasScannedForEncodings = 0;
			knownRegions = (
				en,
				Base,
			);
			mainGroup = 8336B77C1F47BA50009E7990;
			productRefGroup = 8336B7861F47BA50009E7990 /* Products */;
			projectDirPath = "";
			projectRoot = "";
			targets = (
				8336B7841F47BA50009E7990 /* MobfiqChallenge */,
			);
		};
/* End PBXProject section */

/* Begin PBXResourcesBuildPhase section */
		8336B7831F47BA50009E7990 /* Resources */ = {
			isa = PBXResourcesBuildPhase;
			buildActionMask = 2147483647;
			files = (
				8336B7951F47BA50009E7990 /* LaunchScreen.storyboard in Resources */,
				8336B7921F47BA50009E7990 /* Assets.xcassets in Resources */,
				8336B7901F47BA50009E7990 /* Main.storyboard in Resources */,
			);
			runOnlyForDeploymentPostprocessing = 0;
		};
/* End PBXResourcesBuildPhase section */

/* Begin PBXSourcesBuildPhase section */
		8336B7811F47BA50009E7990 /* Sources */ = {
			isa = PBXSourcesBuildPhase;
			buildActionMask = 2147483647;
			files = (
				8336B78D1F47BA50009E7990 /* CategoryViewController.swift in Sources */,
				8336B7891F47BA50009E7990 /* AppDelegate.swift in Sources */,
				8336B7A01F47DF06009E7990 /* SearchViewController.swift in Sources */,
				8336B78B1F47BA50009E7990 /* HomeViewController.swift in Sources */,
				8336B7A21F488FE5009E7990 /* ProductsViewController.swift in Sources */,
				8336B7A91F494315009E7990 /* ProductsHeaderCollectionViewCell.swift in Sources */,
				8336B7A41F488FFB009E7990 /* ProductDetailViewController.swift in Sources */,
				8336B7A61F489012009E7990 /* SubcategoryViewController.swift in Sources */,
			);
			runOnlyForDeploymentPostprocessing = 0;
		};
/* End PBXSourcesBuildPhase section */

/* Begin PBXVariantGroup section */
		8336B78E1F47BA50009E7990 /* Main.storyboard */ = {
			isa = PBXVariantGroup;
			children = (
				8336B78F1F47BA50009E7990 /* Base */,
			);
			name = Main.storyboard;
			sourceTree = "<group>";
		};
		8336B7931F47BA50009E7990 /* LaunchScreen.storyboard */ = {
			isa = PBXVariantGroup;
			children = (
				8336B7941F47BA50009E7990 /* Base */,
			);
			name = LaunchScreen.storyboard;
			sourceTree = "<group>";
		};
/* End PBXVariantGroup section */

/* Begin XCBuildConfiguration section */
		8336B7971F47BA50009E7990 /* Debug */ = {
			isa = XCBuildConfiguration;
			buildSettings = {
				ALWAYS_SEARCH_USER_PATHS = NO;
				CLANG_ANALYZER_NONNULL = YES;
				CLANG_ANALYZER_NUMBER_OBJECT_CONVERSION = YES_AGGRESSIVE;
				CLANG_CXX_LANGUAGE_STANDARD = "gnu++0x";
				CLANG_CXX_LIBRARY = "libc++";
				CLANG_ENABLE_MODULES = YES;
				CLANG_ENABLE_OBJC_ARC = YES;
				CLANG_WARN_BOOL_CONVERSION = YES;
				CLANG_WARN_CONSTANT_CONVERSION = YES;
				CLANG_WARN_DIRECT_OBJC_ISA_USAGE = YES_ERROR;
				CLANG_WARN_DOCUMENTATION_COMMENTS = YES;
				CLANG_WARN_EMPTY_BODY = YES;
				CLANG_WARN_ENUM_CONVERSION = YES;
				CLANG_WARN_INFINITE_RECURSION = YES;
				CLANG_WARN_INT_CONVERSION = YES;
				CLANG_WARN_OBJC_ROOT_CLASS = YES_ERROR;
				CLANG_WARN_SUSPICIOUS_MOVE = YES;
				CLANG_WARN_UNREACHABLE_CODE = YES;
				CLANG_WARN__DUPLICATE_METHOD_MATCH = YES;
				"CODE_SIGN_IDENTITY[sdk=iphoneos*]" = "iPhone Developer";
				COPY_PHASE_STRIP = NO;
				DEBUG_INFORMATION_FORMAT = dwarf;
				ENABLE_STRICT_OBJC_MSGSEND = YES;
				ENABLE_TESTABILITY = YES;
				GCC_C_LANGUAGE_STANDARD = gnu99;
				GCC_DYNAMIC_NO_PIC = NO;
				GCC_NO_COMMON_BLOCKS = YES;
				GCC_OPTIMIZATION_LEVEL = 0;
				GCC_PREPROCESSOR_DEFINITIONS = (
					"DEBUG=1",
					"$(inherited)",
				);
				GCC_WARN_64_TO_32_BIT_CONVERSION = YES;
				GCC_WARN_ABOUT_RETURN_TYPE = YES_ERROR;
				GCC_WARN_UNDECLARED_SELECTOR = YES;
				GCC_WARN_UNINITIALIZED_AUTOS = YES_AGGRESSIVE;
				GCC_WARN_UNUSED_FUNCTION = YES;
				GCC_WARN_UNUSED_VARIABLE = YES;
				IPHONEOS_DEPLOYMENT_TARGET = 10.3;
				MTL_ENABLE_DEBUG_INFO = YES;
				ONLY_ACTIVE_ARCH = YES;
				SDKROOT = iphoneos;
				SWIFT_ACTIVE_COMPILATION_CONDITIONS = DEBUG;
				SWIFT_OPTIMIZATION_LEVEL = "-Onone";
				TARGETED_DEVICE_FAMILY = "1,2";
			};
			name = Debug;
		};
		8336B7981F47BA50009E7990 /* Release */ = {
			isa = XCBuildConfiguration;
			buildSettings = {
				ALWAYS_SEARCH_USER_PATHS = NO;
				CLANG_ANALYZER_NONNULL = YES;
				CLANG_ANALYZER_NUMBER_OBJECT_CONVERSION = YES_AGGRESSIVE;
				CLANG_CXX_LANGUAGE_STANDARD = "gnu++0x";
				CLANG_CXX_LIBRARY = "libc++";
				CLANG_ENABLE_MODULES = YES;
				CLANG_ENABLE_OBJC_ARC = YES;
				CLANG_WARN_BOOL_CONVERSION = YES;
				CLANG_WARN_CONSTANT_CONVERSION = YES;
				CLANG_WARN_DIRECT_OBJC_ISA_USAGE = YES_ERROR;
				CLANG_WARN_DOCUMENTATION_COMMENTS = YES;
				CLANG_WARN_EMPTY_BODY = YES;
				CLANG_WARN_ENUM_CONVERSION = YES;
				CLANG_WARN_INFINITE_RECURSION = YES;
				CLANG_WARN_INT_CONVERSION = YES;
				CLANG_WARN_OBJC_ROOT_CLASS = YES_ERROR;
				CLANG_WARN_SUSPICIOUS_MOVE = YES;
				CLANG_WARN_UNREACHABLE_CODE = YES;
				CLANG_WARN__DUPLICATE_METHOD_MATCH = YES;
				"CODE_SIGN_IDENTITY[sdk=iphoneos*]" = "iPhone Developer";
				COPY_PHASE_STRIP = NO;
				DEBUG_INFORMATION_FORMAT = "dwarf-with-dsym";
				ENABLE_NS_ASSERTIONS = NO;
				ENABLE_STRICT_OBJC_MSGSEND = YES;
				GCC_C_LANGUAGE_STANDARD = gnu99;
				GCC_NO_COMMON_BLOCKS = YES;
				GCC_WARN_64_TO_32_BIT_CONVERSION = YES;
				GCC_WARN_ABOUT_RETURN_TYPE = YES_ERROR;
				GCC_WARN_UNDECLARED_SELECTOR = YES;
				GCC_WARN_UNINITIALIZED_AUTOS = YES_AGGRESSIVE;
				GCC_WARN_UNUSED_FUNCTION = YES;
				GCC_WARN_UNUSED_VARIABLE = YES;
				IPHONEOS_DEPLOYMENT_TARGET = 10.3;
				MTL_ENABLE_DEBUG_INFO = NO;
				SDKROOT = iphoneos;
				SWIFT_OPTIMIZATION_LEVEL = "-Owholemodule";
				TARGETED_DEVICE_FAMILY = "1,2";
				VALIDATE_PRODUCT = YES;
			};
			name = Release;
		};
		8336B79A1F47BA50009E7990 /* Debug */ = {
			isa = XCBuildConfiguration;
			buildSettings = {
				ASSETCATALOG_COMPILER_APPICON_NAME = AppIcon;
				DEVELOPMENT_TEAM = 2YPH7QUL9T;
				INFOPLIST_FILE = MobfiqChallenge/Info.plist;
				LD_RUNPATH_SEARCH_PATHS = "$(inherited) @executable_path/Frameworks";
				PRODUCT_BUNDLE_IDENTIFIER = "com.eltonc-dev.MobfiqChallenge";
				PRODUCT_NAME = "$(TARGET_NAME)";
				SWIFT_VERSION = 3.0;
			};
			name = Debug;
		};
		8336B79B1F47BA50009E7990 /* Release */ = {
			isa = XCBuildConfiguration;
			buildSettings = {
				ASSETCATALOG_COMPILER_APPICON_NAME = AppIcon;
				DEVELOPMENT_TEAM = 2YPH7QUL9T;
				INFOPLIST_FILE = MobfiqChallenge/Info.plist;
				LD_RUNPATH_SEARCH_PATHS = "$(inherited) @executable_path/Frameworks";
				PRODUCT_BUNDLE_IDENTIFIER = "com.eltonc-dev.MobfiqChallenge";
				PRODUCT_NAME = "$(TARGET_NAME)";
				SWIFT_VERSION = 3.0;
			};
			name = Release;
		};
/* End XCBuildConfiguration section */

/* Begin XCConfigurationList section */
		8336B7801F47BA50009E7990 /* Build configuration list for PBXProject "MobfiqChallenge" */ = {
			isa = XCConfigurationList;
			buildConfigurations = (
				8336B7971F47BA50009E7990 /* Debug */,
				8336B7981F47BA50009E7990 /* Release */,
			);
			defaultConfigurationIsVisible = 0;
			defaultConfigurationName = Release;
		};
		8336B7991F47BA50009E7990 /* Build configuration list for PBXNativeTarget "MobfiqChallenge" */ = {
			isa = XCConfigurationList;
			buildConfigurations = (
				8336B79A1F47BA50009E7990 /* Debug */,
				8336B79B1F47BA50009E7990 /* Release */,
			);
			defaultConfigurationIsVisible = 0;
		};
/* End XCConfigurationList section */
	};
	rootObject = 8336B77D1F47BA50009E7990 /* Project object */;
}
